
Microsoft Visual Studio Solution File, Format Version 12.00
# Visual Studio Version 17
VisualStudioVersion = 17.9.34902.65
MinimumVisualStudioVersion = 10.0.40219.1
Project("{FAE04EC0-301F-11D3-BF4B-00C04F79EFBC}") = "C#_Consule_Memory_Game", "C#_Consule_Memory_Game.csproj", "{4A749709-0BE9-4F3E-812E-F636BD542EBB}"
EndProject
Global
	GlobalSection(SolutionConfigurationPlatforms) = preSolution
		Debug|Any CPU = Debug|Any CPU
		Release|Any CPU = Release|Any CPU
	EndGlobalSection
	GlobalSection(ProjectConfigurationPlatforms) = postSolution
		{4A749709-0BE9-4F3E-812E-F636BD542EBB}.Debug|Any CPU.ActiveCfg = Debug|Any CPU
		{4A749709-0BE9-4F3E-812E-F636BD542EBB}.Debug|Any CPU.Build.0 = Debug|Any CPU
		{4A749709-0BE9-4F3E-812E-F636BD542EBB}.Release|Any CPU.ActiveCfg = Release|Any CPU
		{4A749709-0BE9-4F3E-812E-F636BD542EBB}.Release|Any CPU.Build.0 = Release|Any CPU
	EndGlobalSection
	GlobalSection(SolutionProperties) = preSolution
		HideSolutionNode = FALSE
	EndGlobalSection
	GlobalSection(ExtensibilityGlobals) = postSolution
		SolutionGuid = {88829F97-9D4C-4F4F-9197-D6E975D8FCD8}
	EndGlobalSection
EndGlobal
